<?xml version="1.0" encoding="utf-8"?>
<Project ToolsVersion="4.0" xmlns="http://schemas.microsoft.com/developer/msbuild/2003">
  <ItemGroup>
    <Filter Include="Pliki źródłowe">
      <UniqueIdentifier>{4FC737F1-C7A5-4376-A066-2A32D752A2FF}</UniqueIdentifier>
      <Extensions>cpp;c;cc;cxx;c++;cppm;ixx;def;odl;idl;hpj;bat;asm;asmx</Extensions>
    </Filter>
    <Filter Include="Pliki nagłówkowe">
      <UniqueIdentifier>{93995380-89BD-4b04-88EB-625FBE52EBFB}</UniqueIdentifier>
      <Extensions>h;hh;hpp;hxx;h++;hm;inl;inc;ipp;xsd</Extensions>
    </Filter>
    <Filter Include="Pliki zasobów">
      <UniqueIdentifier>{67DA6AB6-F800-4c08-8B7A-83BB121AAD01}</UniqueIdentifier>
      <Extensions>rc;ico;cur;bmp;dlg;rc2;rct;bin;rgs;gif;jpg;jpeg;jpe;resx;tiff;tif;png;wav;mfcribbon-ms</Extensions>
    </Filter>
    <Filter Include="Pliki źródłowe\Entities">
      <UniqueIdentifier>{8f3cd5e3-883f-4ea4-9c9a-0e53a7e3c567}</UniqueIdentifier>
    </Filter>
    <Filter Include="Pliki źródłowe\World">
      <UniqueIdentifier>{10197f1a-7ef9-4436-8930-9267399ffdec}</UniqueIdentifier>
    </Filter>
    <Filter Include="Pliki źródłowe\Systems">
      <UniqueIdentifier>{7c1f8e00-4ecc-4fd2-a9e1-2c32d11fbfe9}</UniqueIdentifier>
    </Filter>
    <Filter Include="Pliki nagłówkowe\Entities">
      <UniqueIdentifier>{c56edadf-0d39-49af-9811-aa6780af8613}</UniqueIdentifier>
    </Filter>
    <Filter Include="Pliki nagłówkowe\Systems">
      <UniqueIdentifier>{3c434ff6-8fbf-483f-8e12-b723bd7f7e9e}</UniqueIdentifier>
    </Filter>
    <Filter Include="Pliki nagłówkowe\Systems\Screens">
      <UniqueIdentifier>{5c57f24f-f2ef-4dc5-ac48-40134d5ed38f}</UniqueIdentifier>
    </Filter>
    <Filter Include="Pliki źródłowe\Systems\Screens">
      <UniqueIdentifier>{bca0bb6a-e110-4fa3-98b5-4e8c4b032f9a}</UniqueIdentifier>
    </Filter>
  </ItemGroup>
  <ItemGroup>
    <ClCompile Include="src\Game.cpp">
      <Filter>Pliki źródłowe</Filter>
    </ClCompile>
    <ClCompile Include="src\Main.cpp">
      <Filter>Pliki źródłowe</Filter>
    </ClCompile>
    <ClCompile Include="src\Player.cpp">
      <Filter>Pliki źródłowe\Entities</Filter>
    </ClCompile>
    <ClCompile Include="src\Animations.cpp">
      <Filter>Pliki źródłowe\Systems</Filter>
    </ClCompile>
    <ClCompile Include="src\BigZombie.cpp">
      <Filter>Pliki źródłowe\Entities</Filter>
    </ClCompile>
    <ClCompile Include="src\EntityManager.cpp">
      <Filter>Pliki źródłowe\Entities</Filter>
    </ClCompile>
    <ClCompile Include="src\ZSpawner.cpp">
      <Filter>Pliki źródłowe\Entities</Filter>
    </ClCompile>
    <ClCompile Include="src\TitleScreen.cpp">
      <Filter>Pliki źródłowe\Systems\Screens</Filter>
    </ClCompile>
    <ClCompile Include="src\GameScreen.cpp">
      <Filter>Pliki źródłowe\Systems\Screens</Filter>
    </ClCompile>
  </ItemGroup>
  <ItemGroup>
    <ClInclude Include="src\Game.h">
      <Filter>Pliki nagłówkowe</Filter>
    </ClInclude>
    <ClInclude Include="src\Settings.h">
      <Filter>Pliki nagłówkowe</Filter>
    </ClInclude>
    <ClInclude Include="src\Entity.h">
      <Filter>Pliki nagłówkowe\Entities</Filter>
    </ClInclude>
    <ClInclude Include="src\Player.h">
      <Filter>Pliki nagłówkowe\Entities</Filter>
    </ClInclude>
    <ClInclude Include="src\BigZombie.h">
      <Filter>Pliki nagłówkowe\Entities</Filter>
    </ClInclude>
    <ClInclude Include="src\EntityManager.h">
      <Filter>Pliki nagłówkowe\Entities</Filter>
    </ClInclude>
    <ClInclude Include="src\ZSpawner.h">
      <Filter>Pliki nagłówkowe\Entities</Filter>
    </ClInclude>
    <ClInclude Include="src\Animations.h">
      <Filter>Pliki nagłówkowe\Systems</Filter>
    </ClInclude>
    <ClInclude Include="src\TitleScreen.h">
      <Filter>Pliki nagłówkowe\Systems\Screens</Filter>
    </ClInclude>
    <ClInclude Include="src\ScreensManager.h">
      <Filter>Pliki nagłówkowe\Systems\Screens</Filter>
    </ClInclude>
    <ClInclude Include="src\GameScreen.h">
      <Filter>Pliki nagłówkowe\Systems\Screens</Filter>
    </ClInclude>
    <ClInclude Include="src\BaseScreen.h">
      <Filter>Pliki nagłówkowe\Systems\Screens</Filter>
    </ClInclude>
    <ClInclude Include="src\Screens.h">
      <Filter>Pliki nagłówkowe\Systems\Screens</Filter>
    </ClInclude>
  </ItemGroup>
  <ItemGroup>
    <Text Include="res\TODO.txt">
      <Filter>Pliki zasobów</Filter>
    </Text>
  </ItemGroup>
  <ItemGroup>
    <Image Include="resources\zombie_sheet.png">
      <Filter>Pliki zasobów</Filter>
    </Image>
    <Image Include="res\zombie_sheet.png">
      <Filter>Pliki zasobów</Filter>
    </Image>
    <Image Include="..\GameProject\Content\Sprites\bigzombie.png">
      <Filter>Pliki zasobów</Filter>
    </Image>
    <Image Include="res\bigzombie.png">
      <Filter>Pliki zasobów</Filter>
    </Image>
    <Image Include="..\GameProject\Content\Sprites\zSpawner.png">
      <Filter>Pliki zasobów</Filter>
    </Image>
    <Image Include="res\zSpawner.png">
      <Filter>Pliki zasobów</Filter>
    </Image>
  </ItemGroup>
</Project>