<?xml version="1.0" encoding="utf-8"?>
<Project ToolsVersion="4.0" xmlns="http://schemas.microsoft.com/developer/msbuild/2003">
  <ItemGroup>
    <Filter Include="Pliki źródłowe">
      <UniqueIdentifier>{4FC737F1-C7A5-4376-A066-2A32D752A2FF}</UniqueIdentifier>
      <Extensions>cpp;c;cc;cxx;c++;cppm;ixx;def;odl;idl;hpj;bat;asm;asmx</Extensions>
    </Filter>
    <Filter Include="Pliki nagłówkowe">
      <UniqueIdentifier>{93995380-89BD-4b04-88EB-625FBE52EBFB}</UniqueIdentifier>
      <Extensions>h;hh;hpp;hxx;h++;hm;inl;inc;ipp;xsd</Extensions>
    </Filter>
    <Filter Include="Pliki zasobów">
      <UniqueIdentifier>{67DA6AB6-F800-4c08-8B7A-83BB121AAD01}</UniqueIdentifier>
      <Extensions>rc;ico;cur;bmp;dlg;rc2;rct;bin;rgs;gif;jpg;jpeg;jpe;resx;tiff;tif;png;wav;mfcribbon-ms</Extensions>
    </Filter>
    <Filter Include="Pliki źródłowe\Entities">
      <UniqueIdentifier>{8f3cd5e3-883f-4ea4-9c9a-0e53a7e3c567}</UniqueIdentifier>
    </Filter>
    <Filter Include="Pliki źródłowe\World">
      <UniqueIdentifier>{10197f1a-7ef9-4436-8930-9267399ffdec}</UniqueIdentifier>
    </Filter>
    <Filter Include="Pliki źródłowe\Systems">
      <UniqueIdentifier>{7c1f8e00-4ecc-4fd2-a9e1-2c32d11fbfe9}</UniqueIdentifier>
    </Filter>
    <Filter Include="Pliki nagłówkowe\Entities">
      <UniqueIdentifier>{c56edadf-0d39-49af-9811-aa6780af8613}</UniqueIdentifier>
    </Filter>
    <Filter Include="Pliki nagłówkowe\Systems">
      <UniqueIdentifier>{3c434ff6-8fbf-483f-8e12-b723bd7f7e9e}</UniqueIdentifier>
    </Filter>
    <Filter Include="Pliki nagłówkowe\Systems\Screens">
      <UniqueIdentifier>{5c57f24f-f2ef-4dc5-ac48-40134d5ed38f}</UniqueIdentifier>
    </Filter>
    <Filter Include="Pliki źródłowe\Systems\Screens">
      <UniqueIdentifier>{bca0bb6a-e110-4fa3-98b5-4e8c4b032f9a}</UniqueIdentifier>
    </Filter>
    <Filter Include="Pliki nagłówkowe\Entities\Objects">
      <UniqueIdentifier>{dfa45fa0-d32e-45ab-bb28-833e1c145094}</UniqueIdentifier>
    </Filter>
    <Filter Include="Pliki źródłowe\Entities\Objects">
      <UniqueIdentifier>{0ba5da31-1f48-4079-a6d3-65887dbc996d}</UniqueIdentifier>
    </Filter>
    <Filter Include="Pliki nagłówkowe\Systems\Animations">
      <UniqueIdentifier>{02f28b18-3528-491d-9ea1-8ceffda7495d}</UniqueIdentifier>
    </Filter>
    <Filter Include="Pliki nagłówkowe\Systems\Physics">
      <UniqueIdentifier>{3826a112-33ed-4774-b11a-b86a553ec923}</UniqueIdentifier>
    </Filter>
    <Filter Include="Pliki nagłówkowe\Systems\Utilities">
      <UniqueIdentifier>{529470eb-6bb8-4dfd-a90b-6aacdb24ec6c}</UniqueIdentifier>
    </Filter>
    <Filter Include="Pliki źródłowe\Systems\Animations">
      <UniqueIdentifier>{09ab1f88-8c3e-47bc-b867-72f1500f6cbb}</UniqueIdentifier>
    </Filter>
    <Filter Include="Pliki źródłowe\Systems\Physics">
      <UniqueIdentifier>{69b753fb-6338-4cd6-94b5-58e1227891db}</UniqueIdentifier>
    </Filter>
    <Filter Include="Pliki źródłowe\Entities\Player">
      <UniqueIdentifier>{ce7d0448-27a4-48f0-b334-ef145d7ae455}</UniqueIdentifier>
    </Filter>
    <Filter Include="Pliki nagłówkowe\Entities\Player">
      <UniqueIdentifier>{9cf21d68-6514-4f85-babb-64acdce89f0f}</UniqueIdentifier>
    </Filter>
    <Filter Include="Pliki nagłówkowe\Entities\Player\States">
      <UniqueIdentifier>{115d9f59-9f58-464d-8bb5-ea6657e8ede8}</UniqueIdentifier>
    </Filter>
    <Filter Include="Pliki nagłówkowe\Systems\Level">
      <UniqueIdentifier>{147085d2-8be9-4927-94c6-4300e2bcad3c}</UniqueIdentifier>
    </Filter>
    <Filter Include="Pliki źródłowe\Systems\Level">
      <UniqueIdentifier>{575c5441-dab0-4d65-a300-af0e1a0b0a11}</UniqueIdentifier>
    </Filter>
    <Filter Include="Pliki nagłówkowe\Entities\Enemies">
      <UniqueIdentifier>{0f813f15-ecbe-4df8-8e2a-f81729487d59}</UniqueIdentifier>
    </Filter>
    <Filter Include="Pliki źródłowe\Entities\Enemies">
      <UniqueIdentifier>{2c6708fe-bd5b-4f0e-9a01-a88117c945db}</UniqueIdentifier>
    </Filter>
    <Filter Include="Pliki źródłowe\Entities\Objects\Weapons">
      <UniqueIdentifier>{d8278ac6-5a84-4441-ad35-c0b099093cbf}</UniqueIdentifier>
    </Filter>
    <Filter Include="Pliki nagłówkowe\Entities\Objects\Weapons">
      <UniqueIdentifier>{3c059955-e826-4a42-837f-fb2b4a3391cf}</UniqueIdentifier>
    </Filter>
    <Filter Include="Pliki nagłówkowe\Systems\Sound">
      <UniqueIdentifier>{85eda8c1-5835-4b0a-88ee-10e5e2690193}</UniqueIdentifier>
    </Filter>
    <Filter Include="Pliki źródłowe\Systems\Sound">
      <UniqueIdentifier>{2c6c6338-3928-425c-9067-f5b1ee693692}</UniqueIdentifier>
    </Filter>
    <Filter Include="Pliki nagłówkowe\Systems\Lights">
      <UniqueIdentifier>{975f71ba-c2ac-49a9-9f95-05cffdeeaf7b}</UniqueIdentifier>
    </Filter>
    <Filter Include="Pliki źródłowe\Systems\Lights">
      <UniqueIdentifier>{ea3b6042-9491-477b-91e7-c1a133358b87}</UniqueIdentifier>
    </Filter>
    <Filter Include="Pliki źródłowe\Entities\Objects\Projectiles">
      <UniqueIdentifier>{38b0bba3-da55-4c04-a890-d8ce32d95563}</UniqueIdentifier>
    </Filter>
    <Filter Include="Pliki nagłówkowe\Entities\Objects\Projectiles">
      <UniqueIdentifier>{69c293f6-b66d-489a-aeff-6b56a44ce889}</UniqueIdentifier>
    </Filter>
    <Filter Include="Pliki nagłówkowe\Systems\Dialogue">
      <UniqueIdentifier>{effd91a6-3950-471a-b581-f9d74a5e4d10}</UniqueIdentifier>
    </Filter>
    <Filter Include="Pliki źródłowe\Systems\Dialogue">
      <UniqueIdentifier>{a1f0a01e-673f-4fb0-b510-3d3d4d4ff521}</UniqueIdentifier>
    </Filter>
    <Filter Include="Pliki nagłówkowe\Entities\NPCs">
      <UniqueIdentifier>{6f7439a3-be39-4a1e-8d11-f33f95f4294f}</UniqueIdentifier>
    </Filter>
    <Filter Include="Pliki źródłowe\Entities\NPCs">
      <UniqueIdentifier>{808ca08f-6358-44ef-922a-080117d0531a}</UniqueIdentifier>
    </Filter>
  </ItemGroup>
  <ItemGroup>
    <ClCompile Include="src\Game.cpp">
      <Filter>Pliki źródłowe</Filter>
    </ClCompile>
    <ClCompile Include="src\Main.cpp">
      <Filter>Pliki źródłowe</Filter>
    </ClCompile>
    <ClCompile Include="src\TitleScreen.cpp">
      <Filter>Pliki źródłowe\Systems\Screens</Filter>
    </ClCompile>
    <ClCompile Include="src\GameScreen.cpp">
      <Filter>Pliki źródłowe\Systems\Screens</Filter>
    </ClCompile>
    <ClCompile Include="src\Animations.cpp">
      <Filter>Pliki źródłowe\Systems\Animations</Filter>
    </ClCompile>
    <ClCompile Include="src\SolidTile.cpp">
      <Filter>Pliki źródłowe\Entities\Objects</Filter>
    </ClCompile>
    <ClCompile Include="src\Player.cpp">
      <Filter>Pliki źródłowe\Entities\Player</Filter>
    </ClCompile>
    <ClCompile Include="src\LevelManager.cpp">
      <Filter>Pliki źródłowe\Systems\Level</Filter>
    </ClCompile>
    <ClCompile Include="src\LevelPortal.cpp">
      <Filter>Pliki źródłowe\Entities\Objects</Filter>
    </ClCompile>
    <ClCompile Include="src\Door.cpp">
      <Filter>Pliki źródłowe\Entities\Objects</Filter>
    </ClCompile>
    <ClCompile Include="src\AnimatedDecor.cpp">
      <Filter>Pliki źródłowe\Entities\Objects</Filter>
    </ClCompile>
    <ClCompile Include="src\Elevator.cpp">
      <Filter>Pliki źródłowe\Entities\Objects</Filter>
    </ClCompile>
    <ClCompile Include="src\ElevatorCallSwitch.cpp">
      <Filter>Pliki źródłowe\Entities\Objects</Filter>
    </ClCompile>
    <ClCompile Include="src\MovingBlock.cpp">
      <Filter>Pliki źródłowe\Entities\Objects</Filter>
    </ClCompile>
    <ClCompile Include="src\WoodCrate.cpp">
      <Filter>Pliki źródłowe\Entities\Objects</Filter>
    </ClCompile>
    <ClCompile Include="src\Platform.cpp">
      <Filter>Pliki źródłowe\Entities\Objects</Filter>
    </ClCompile>
    <ClCompile Include="src\InfectedHazmat.cpp">
      <Filter>Pliki źródłowe\Entities\Enemies</Filter>
    </ClCompile>
    <ClCompile Include="src\ContactListener.cpp">
      <Filter>Pliki źródłowe\Systems\Physics</Filter>
    </ClCompile>
    <ClCompile Include="src\FireAxe.cpp">
      <Filter>Pliki źródłowe\Entities\Objects\Weapons</Filter>
    </ClCompile>
    <ClCompile Include="src\FlyingInfected.cpp">
      <Filter>Pliki źródłowe\Entities\Enemies</Filter>
    </ClCompile>
    <ClCompile Include="src\SoundManager.cpp">
      <Filter>Pliki źródłowe\Systems\Sound</Filter>
    </ClCompile>
    <ClCompile Include="src\LightManager.cpp">
      <Filter>Pliki źródłowe\Systems\Lights</Filter>
    </ClCompile>
    <ClCompile Include="src\Enemy.cpp">
      <Filter>Pliki źródłowe\Entities\Enemies</Filter>
    </ClCompile>
    <ClCompile Include="src\Ribbs.cpp">
      <Filter>Pliki źródłowe\Entities\Enemies</Filter>
    </ClCompile>
    <ClCompile Include="src\Leggy.cpp">
      <Filter>Pliki źródłowe\Entities\Enemies</Filter>
    </ClCompile>
    <ClCompile Include="src\Football.cpp">
      <Filter>Pliki źródłowe\Entities\Enemies</Filter>
    </ClCompile>
    <ClCompile Include="src\HeadSpit.cpp">
      <Filter>Pliki źródłowe\Entities\Enemies</Filter>
    </ClCompile>
    <ClCompile Include="src\BioBomb.cpp">
      <Filter>Pliki źródłowe\Entities\Objects\Projectiles</Filter>
    </ClCompile>
    <ClCompile Include="src\Dialogue.cpp">
      <Filter>Pliki źródłowe\Systems\Dialogue</Filter>
    </ClCompile>
    <ClCompile Include="src\NPCSecurityGuy.cpp">
      <Filter>Pliki źródłowe\Entities\NPCs</Filter>
    </ClCompile>
  </ItemGroup>
  <ItemGroup>
    <ClInclude Include="src\Game.h">
      <Filter>Pliki nagłówkowe</Filter>
    </ClInclude>
    <ClInclude Include="src\Settings.h">
      <Filter>Pliki nagłówkowe</Filter>
    </ClInclude>
    <ClInclude Include="src\Entity.h">
      <Filter>Pliki nagłówkowe\Entities</Filter>
    </ClInclude>
    <ClInclude Include="src\TitleScreen.h">
      <Filter>Pliki nagłówkowe\Systems\Screens</Filter>
    </ClInclude>
    <ClInclude Include="src\ScreensManager.h">
      <Filter>Pliki nagłówkowe\Systems\Screens</Filter>
    </ClInclude>
    <ClInclude Include="src\GameScreen.h">
      <Filter>Pliki nagłówkowe\Systems\Screens</Filter>
    </ClInclude>
    <ClInclude Include="src\BaseScreen.h">
      <Filter>Pliki nagłówkowe\Systems\Screens</Filter>
    </ClInclude>
    <ClInclude Include="src\Screens.h">
      <Filter>Pliki nagłówkowe\Systems\Screens</Filter>
    </ClInclude>
    <ClInclude Include="src\Animations.h">
      <Filter>Pliki nagłówkowe\Systems\Animations</Filter>
    </ClInclude>
    <ClInclude Include="src\Util.h">
      <Filter>Pliki nagłówkowe\Systems\Utilities</Filter>
    </ClInclude>
    <ClInclude Include="src\SolidTile.h">
      <Filter>Pliki nagłówkowe\Entities\Objects</Filter>
    </ClInclude>
    <ClInclude Include="src\Player.h">
      <Filter>Pliki nagłówkowe\Entities\Player</Filter>
    </ClInclude>
    <ClInclude Include="src\LevelManager.h">
      <Filter>Pliki nagłówkowe\Systems\Level</Filter>
    </ClInclude>
    <ClInclude Include="src\LevelPortal.h">
      <Filter>Pliki nagłówkowe\Entities\Objects</Filter>
    </ClInclude>
    <ClInclude Include="src\Door.h">
      <Filter>Pliki nagłówkowe\Entities\Objects</Filter>
    </ClInclude>
    <ClInclude Include="src\AnimatedDecor.h">
      <Filter>Pliki nagłówkowe\Entities\Objects</Filter>
    </ClInclude>
    <ClInclude Include="src\Elevator.h">
      <Filter>Pliki nagłówkowe\Entities\Objects</Filter>
    </ClInclude>
    <ClInclude Include="src\ElevatorCallSwitch.h">
      <Filter>Pliki nagłówkowe\Entities\Objects</Filter>
    </ClInclude>
    <ClInclude Include="src\Collidable.h">
      <Filter>Pliki nagłówkowe\Systems\Physics</Filter>
    </ClInclude>
    <ClInclude Include="src\MovingBlock.h">
      <Filter>Pliki nagłówkowe\Entities\Objects</Filter>
    </ClInclude>
    <ClInclude Include="src\WoodCrate.h">
      <Filter>Pliki nagłówkowe\Entities\Objects</Filter>
    </ClInclude>
    <ClInclude Include="src\Platform.h">
      <Filter>Pliki nagłówkowe\Entities\Objects</Filter>
    </ClInclude>
    <ClInclude Include="src\InfectedHazmat.h">
      <Filter>Pliki nagłówkowe\Entities\Enemies</Filter>
    </ClInclude>
    <ClInclude Include="src\FireAxe.h">
      <Filter>Pliki nagłówkowe\Entities\Objects\Weapons</Filter>
    </ClInclude>
    <ClInclude Include="src\ContactListener.h">
      <Filter>Pliki nagłówkowe\Systems\Physics</Filter>
    </ClInclude>
    <ClInclude Include="src\SoundManager.h">
      <Filter>Pliki nagłówkowe\Systems\Sound</Filter>
    </ClInclude>
    <ClInclude Include="src\FlyingInfected.h">
      <Filter>Pliki nagłówkowe\Entities\Enemies</Filter>
    </ClInclude>
    <ClInclude Include="src\Interactable.h">
      <Filter>Pliki nagłówkowe\Systems</Filter>
    </ClInclude>
    <ClInclude Include="src\LightManager.h">
      <Filter>Pliki nagłówkowe\Systems\Lights</Filter>
    </ClInclude>
    <ClInclude Include="src\Ribbs.h">
      <Filter>Pliki nagłówkowe\Entities\Enemies</Filter>
    </ClInclude>
    <ClInclude Include="src\Enemy.h">
      <Filter>Pliki nagłówkowe\Entities\Enemies</Filter>
    </ClInclude>
    <ClInclude Include="src\Leggy.h">
      <Filter>Pliki nagłówkowe\Entities\Enemies</Filter>
    </ClInclude>
    <ClInclude Include="src\Football.h">
      <Filter>Pliki nagłówkowe\Entities\Enemies</Filter>
    </ClInclude>
    <ClInclude Include="src\HeadSpit.h">
      <Filter>Pliki nagłówkowe\Entities\Enemies</Filter>
    </ClInclude>
    <ClInclude Include="src\BioBomb.h">
      <Filter>Pliki nagłówkowe\Entities\Objects\Projectiles</Filter>
    </ClInclude>
    <ClInclude Include="src\Dialogue.h">
      <Filter>Pliki nagłówkowe\Systems\Dialogue</Filter>
    </ClInclude>
    <ClInclude Include="src\NPCSecurityGuy.h">
      <Filter>Pliki nagłówkowe\Entities\NPCs</Filter>
    </ClInclude>
  </ItemGroup>
  <ItemGroup>
    <Text Include="res\TODO.txt">
      <Filter>Pliki zasobów</Filter>
    </Text>
  </ItemGroup>
  <ItemGroup>
    <Image Include="resources\zombie_sheet.png">
      <Filter>Pliki zasobów</Filter>
    </Image>
    <Image Include="res\zombie_sheet.png">
      <Filter>Pliki zasobów</Filter>
    </Image>
    <Image Include="..\GameProject\Content\Sprites\bigzombie.png">
      <Filter>Pliki zasobów</Filter>
    </Image>
    <Image Include="res\bigzombie.png">
      <Filter>Pliki zasobów</Filter>
    </Image>
    <Image Include="..\GameProject\Content\Sprites\zSpawner.png">
      <Filter>Pliki zasobów</Filter>
    </Image>
    <Image Include="res\zSpawner.png">
      <Filter>Pliki zasobów</Filter>
    </Image>
    <Image Include="res\Treasure Hunters\Palm Tree Island\Sprites\Terrain\Terrain (32x32).png">
      <Filter>Pliki zasobów</Filter>
    </Image>
    <Image Include="res\PlayerTextures\player.png">
      <Filter>Pliki zasobów</Filter>
    </Image>
    <Image Include="res\PlayerTextures\player32.png">
      <Filter>Pliki zasobów</Filter>
    </Image>
    <Image Include="res\PlayerTextures\new_player1.png">
      <Filter>Pliki zasobów</Filter>
    </Image>
    <Image Include="res\Treasure Hunters\Palm Tree Island\Sprites\Terrain\lab.png">
      <Filter>Pliki zasobów</Filter>
    </Image>
    <Image Include="res\enemies\infected_hazmat.png">
      <Filter>Pliki zasobów</Filter>
    </Image>
  </ItemGroup>
  <ItemGroup>
    <None Include="res\level\TestLevel.ldtk" />
  </ItemGroup>
</Project>